
Microsoft Visual Studio Solution File, Format Version 12.00
# Visual Studio Version 16
VisualStudioVersion = 16.0.29613.14
MinimumVisualStudioVersion = 10.0.40219.1
Project("{2150E333-8FDC-42A3-9474-1A3956D46DE8}") = "Solution Items", "Solution Items", "{7774A7DC-9B9A-4097-98A5-3E7A8C09E492}"
	ProjectSection(SolutionItems) = preProject
		.editorconfig = .editorconfig
	EndProjectSection
EndProject
Project("{2150E333-8FDC-42A3-9474-1A3956D46DE8}") = "src", "src", "{98A19DB3-ED3F-4327-8F46-CE7C7D71EC65}"
EndProject
Project("{2150E333-8FDC-42A3-9474-1A3956D46DE8}") = "EFCore2.x", "EFCore2.x", "{FE7F5BCF-3415-4C46-87B2-684B6BEC8480}"
EndProject
Project("{2150E333-8FDC-42A3-9474-1A3956D46DE8}") = "EFCore3.x", "EFCore3.x", "{22E448BA-9289-45F4-B561-2DBDDFFC3FFD}"
EndProject
Project("{9A19103F-16F7-4668-BE54-9A1E7A4F7556}") = "Demo", "src\EFCore2.x\Demo\Demo.csproj", "{018E6824-3A06-4A05-A6F9-BE9F8EC9D73D}"
EndProject
Project("{9A19103F-16F7-4668-BE54-9A1E7A4F7556}") = "Demo", "src\EFCore3.x\Demo\Demo.csproj", "{FF477C03-3475-4A1B-B400-896942F17366}"
EndProject
Project("{2150E333-8FDC-42A3-9474-1A3956D46DE8}") = "EFCore3.0", "EFCore3.0", "{E78C9094-CD7C-4894-A177-A9AD7B8FE450}"
EndProject
Project("{9A19103F-16F7-4668-BE54-9A1E7A4F7556}") = "Demo", "src\EFCore3.0\Demo\Demo.csproj", "{69EAC203-0362-4C99-B93C-E68522B385AD}"
EndProject
Project("{9A19103F-16F7-4668-BE54-9A1E7A4F7556}") = "TanvirArjel.EFCore.GenericRepository", "src\EFCore2.x\TanvirArjel.EFCore.GenericRepository\TanvirArjel.EFCore.GenericRepository.csproj", "{CB6F8B98-053C-400E-920D-B2F85D356DC1}"
EndProject
Project("{9A19103F-16F7-4668-BE54-9A1E7A4F7556}") = "TanvirArjel.EFCore.GenericRepository", "src\EFCore3.0\TanvirArjel.EFCore.GenericRepository\TanvirArjel.EFCore.GenericRepository.csproj", "{A8F46F8B-6872-4CCB-B5D4-9E435E0D98DE}"
EndProject
Project("{9A19103F-16F7-4668-BE54-9A1E7A4F7556}") = "TanvirArjel.EFCore.GenericRepository", "src\EFCore3.x\TanvirArjel.EFCore.GenericRepository\TanvirArjel.EFCore.GenericRepository.csproj", "{C3C18DE1-4045-444B-8101-E04C1C34D341}"
EndProject
Global
	GlobalSection(SolutionConfigurationPlatforms) = preSolution
		Debug|Any CPU = Debug|Any CPU
		Release|Any CPU = Release|Any CPU
	EndGlobalSection
	GlobalSection(ProjectConfigurationPlatforms) = postSolution
		{018E6824-3A06-4A05-A6F9-BE9F8EC9D73D}.Debug|Any CPU.ActiveCfg = Debug|Any CPU
		{018E6824-3A06-4A05-A6F9-BE9F8EC9D73D}.Debug|Any CPU.Build.0 = Debug|Any CPU
		{018E6824-3A06-4A05-A6F9-BE9F8EC9D73D}.Release|Any CPU.ActiveCfg = Release|Any CPU
		{018E6824-3A06-4A05-A6F9-BE9F8EC9D73D}.Release|Any CPU.Build.0 = Release|Any CPU
		{FF477C03-3475-4A1B-B400-896942F17366}.Debug|Any CPU.ActiveCfg = Debug|Any CPU
		{FF477C03-3475-4A1B-B400-896942F17366}.Debug|Any CPU.Build.0 = Debug|Any CPU
		{FF477C03-3475-4A1B-B400-896942F17366}.Release|Any CPU.ActiveCfg = Release|Any CPU
		{FF477C03-3475-4A1B-B400-896942F17366}.Release|Any CPU.Build.0 = Release|Any CPU
		{69EAC203-0362-4C99-B93C-E68522B385AD}.Debug|Any CPU.ActiveCfg = Debug|Any CPU
		{69EAC203-0362-4C99-B93C-E68522B385AD}.Debug|Any CPU.Build.0 = Debug|Any CPU
		{69EAC203-0362-4C99-B93C-E68522B385AD}.Release|Any CPU.ActiveCfg = Release|Any CPU
		{69EAC203-0362-4C99-B93C-E68522B385AD}.Release|Any CPU.Build.0 = Release|Any CPU
		{CB6F8B98-053C-400E-920D-B2F85D356DC1}.Debug|Any CPU.ActiveCfg = Debug|Any CPU
		{CB6F8B98-053C-400E-920D-B2F85D356DC1}.Debug|Any CPU.Build.0 = Debug|Any CPU
		{CB6F8B98-053C-400E-920D-B2F85D356DC1}.Release|Any CPU.ActiveCfg = Release|Any CPU
		{CB6F8B98-053C-400E-920D-B2F85D356DC1}.Release|Any CPU.Build.0 = Release|Any CPU
		{A8F46F8B-6872-4CCB-B5D4-9E435E0D98DE}.Debug|Any CPU.ActiveCfg = Debug|Any CPU
		{A8F46F8B-6872-4CCB-B5D4-9E435E0D98DE}.Debug|Any CPU.Build.0 = Debug|Any CPU
		{A8F46F8B-6872-4CCB-B5D4-9E435E0D98DE}.Release|Any CPU.ActiveCfg = Release|Any CPU
		{A8F46F8B-6872-4CCB-B5D4-9E435E0D98DE}.Release|Any CPU.Build.0 = Release|Any CPU
		{C3C18DE1-4045-444B-8101-E04C1C34D341}.Debug|Any CPU.ActiveCfg = Debug|Any CPU
		{C3C18DE1-4045-444B-8101-E04C1C34D341}.Debug|Any CPU.Build.0 = Debug|Any CPU
		{C3C18DE1-4045-444B-8101-E04C1C34D341}.Release|Any CPU.ActiveCfg = Release|Any CPU
		{C3C18DE1-4045-444B-8101-E04C1C34D341}.Release|Any CPU.Build.0 = Release|Any CPU
	EndGlobalSection
	GlobalSection(SolutionProperties) = preSolution
		HideSolutionNode = FALSE
	EndGlobalSection
	GlobalSection(NestedProjects) = preSolution
		{FE7F5BCF-3415-4C46-87B2-684B6BEC8480} = {98A19DB3-ED3F-4327-8F46-CE7C7D71EC65}
		{22E448BA-9289-45F4-B561-2DBDDFFC3FFD} = {98A19DB3-ED3F-4327-8F46-CE7C7D71EC65}
		{018E6824-3A06-4A05-A6F9-BE9F8EC9D73D} = {FE7F5BCF-3415-4C46-87B2-684B6BEC8480}
		{FF477C03-3475-4A1B-B400-896942F17366} = {22E448BA-9289-45F4-B561-2DBDDFFC3FFD}
		{E78C9094-CD7C-4894-A177-A9AD7B8FE450} = {98A19DB3-ED3F-4327-8F46-CE7C7D71EC65}
		{69EAC203-0362-4C99-B93C-E68522B385AD} = {E78C9094-CD7C-4894-A177-A9AD7B8FE450}
		{CB6F8B98-053C-400E-920D-B2F85D356DC1} = {FE7F5BCF-3415-4C46-87B2-684B6BEC8480}
		{A8F46F8B-6872-4CCB-B5D4-9E435E0D98DE} = {E78C9094-CD7C-4894-A177-A9AD7B8FE450}
		{C3C18DE1-4045-444B-8101-E04C1C34D341} = {22E448BA-9289-45F4-B561-2DBDDFFC3FFD}
	EndGlobalSection
	GlobalSection(ExtensibilityGlobals) = postSolution
		SolutionGuid = {B04FE49F-0045-4944-A589-88C8A33F7594}
	EndGlobalSection
EndGlobal
