
Microsoft Visual Studio Solution File, Format Version 12.00
# Visual Studio Version 16
VisualStudioVersion = 16.0.29613.14
MinimumVisualStudioVersion = 10.0.40219.1
Project("{2150E333-8FDC-42A3-9474-1A3956D46DE8}") = "Solution Items", "Solution Items", "{7774A7DC-9B9A-4097-98A5-3E7A8C09E492}"
	ProjectSection(SolutionItems) = preProject
		.editorconfig = .editorconfig
	EndProjectSection
EndProject
Project("{2150E333-8FDC-42A3-9474-1A3956D46DE8}") = "src", "src", "{98A19DB3-ED3F-4327-8F46-CE7C7D71EC65}"
EndProject
Project("{2150E333-8FDC-42A3-9474-1A3956D46DE8}") = "EFCore2.0", "EFCore2.0", "{3DF3AD98-733C-4AC9-A655-F2BD329D04EC}"
EndProject
Project("{2150E333-8FDC-42A3-9474-1A3956D46DE8}") = "EFCore2.1", "EFCore2.1", "{8711AABA-5FB7-42C4-9267-D6CA56CD910E}"
EndProject
Project("{2150E333-8FDC-42A3-9474-1A3956D46DE8}") = "EFCore2.2", "EFCore2.2", "{FE7F5BCF-3415-4C46-87B2-684B6BEC8480}"
EndProject
Project("{2150E333-8FDC-42A3-9474-1A3956D46DE8}") = "EFCore3.0", "EFCore3.0", "{4EF08D42-88AF-45A7-A59A-60FFBECF3B80}"
EndProject
Project("{2150E333-8FDC-42A3-9474-1A3956D46DE8}") = "EFCore3.1", "EFCore3.1", "{22E448BA-9289-45F4-B561-2DBDDFFC3FFD}"
EndProject
Project("{9A19103F-16F7-4668-BE54-9A1E7A4F7556}") = "EFCore.GenericRepository", "src\EFCore2.0\EFCore.GenericRepository\EFCore.GenericRepository.csproj", "{D4BE88A8-31F8-4C67-8F32-3398DEEA8362}"
EndProject
Project("{9A19103F-16F7-4668-BE54-9A1E7A4F7556}") = "EFCore.GenericRepository", "src\EFCore2.1\EFCore.GenericRepository\EFCore.GenericRepository.csproj", "{8681BC06-15E2-4513-8E63-92D9678CCB68}"
EndProject
Project("{9A19103F-16F7-4668-BE54-9A1E7A4F7556}") = "EFCore.GenericRepository", "src\EFCore2.2\EFCore.GenericRepository\EFCore.GenericRepository.csproj", "{380C49BA-5081-41AE-85D6-816E02346D11}"
EndProject
Project("{9A19103F-16F7-4668-BE54-9A1E7A4F7556}") = "EFCore.GenericRepository", "src\EFCore3.0\EFCore.GenericRepository\EFCore.GenericRepository.csproj", "{32171BEB-DAAC-41DB-A62F-93A25A504DCB}"
EndProject
Project("{9A19103F-16F7-4668-BE54-9A1E7A4F7556}") = "EFCore.GenericRepository", "src\EFCore3.1\EFCore.GenericRepository\EFCore.GenericRepository.csproj", "{C75249A7-2D10-4F9D-B446-9C7D5DCD0AB9}"
EndProject
Project("{9A19103F-16F7-4668-BE54-9A1E7A4F7556}") = "Demo", "src\EFCore3.1\Demo\Demo.csproj", "{3C0E3A5A-DC82-4047-AEAF-F0574C04E0BD}"
EndProject
Project("{9A19103F-16F7-4668-BE54-9A1E7A4F7556}") = "Demo", "src\EFCore3.0\Demo\Demo.csproj", "{2DBC294B-0D37-4CBE-855D-2738D1188C30}"
EndProject
Project("{9A19103F-16F7-4668-BE54-9A1E7A4F7556}") = "Demo", "src\EFCore2.2\Demo\Demo.csproj", "{9F7BCDC2-0025-4DB2-9B3B-6CB97BAF479A}"
EndProject
Project("{9A19103F-16F7-4668-BE54-9A1E7A4F7556}") = "Demo", "src\EFCore2.1\Demo\Demo.csproj", "{E9BC2BE9-41D5-4053-B68F-9255861B69BC}"
EndProject
Project("{9A19103F-16F7-4668-BE54-9A1E7A4F7556}") = "Demo", "src\EFCore2.0\Demo\Demo.csproj", "{35661AFC-32CD-4745-A931-D43F87EE67B6}"
EndProject
Global
	GlobalSection(SolutionConfigurationPlatforms) = preSolution
		Debug|Any CPU = Debug|Any CPU
		Release|Any CPU = Release|Any CPU
	EndGlobalSection
	GlobalSection(ProjectConfigurationPlatforms) = postSolution
		{D4BE88A8-31F8-4C67-8F32-3398DEEA8362}.Debug|Any CPU.ActiveCfg = Debug|Any CPU
		{D4BE88A8-31F8-4C67-8F32-3398DEEA8362}.Debug|Any CPU.Build.0 = Debug|Any CPU
		{D4BE88A8-31F8-4C67-8F32-3398DEEA8362}.Release|Any CPU.ActiveCfg = Release|Any CPU
		{D4BE88A8-31F8-4C67-8F32-3398DEEA8362}.Release|Any CPU.Build.0 = Release|Any CPU
		{8681BC06-15E2-4513-8E63-92D9678CCB68}.Debug|Any CPU.ActiveCfg = Debug|Any CPU
		{8681BC06-15E2-4513-8E63-92D9678CCB68}.Debug|Any CPU.Build.0 = Debug|Any CPU
		{8681BC06-15E2-4513-8E63-92D9678CCB68}.Release|Any CPU.ActiveCfg = Release|Any CPU
		{8681BC06-15E2-4513-8E63-92D9678CCB68}.Release|Any CPU.Build.0 = Release|Any CPU
		{380C49BA-5081-41AE-85D6-816E02346D11}.Debug|Any CPU.ActiveCfg = Debug|Any CPU
		{380C49BA-5081-41AE-85D6-816E02346D11}.Debug|Any CPU.Build.0 = Debug|Any CPU
		{380C49BA-5081-41AE-85D6-816E02346D11}.Release|Any CPU.ActiveCfg = Release|Any CPU
		{380C49BA-5081-41AE-85D6-816E02346D11}.Release|Any CPU.Build.0 = Release|Any CPU
		{32171BEB-DAAC-41DB-A62F-93A25A504DCB}.Debug|Any CPU.ActiveCfg = Debug|Any CPU
		{32171BEB-DAAC-41DB-A62F-93A25A504DCB}.Debug|Any CPU.Build.0 = Debug|Any CPU
		{32171BEB-DAAC-41DB-A62F-93A25A504DCB}.Release|Any CPU.ActiveCfg = Release|Any CPU
		{32171BEB-DAAC-41DB-A62F-93A25A504DCB}.Release|Any CPU.Build.0 = Release|Any CPU
		{C75249A7-2D10-4F9D-B446-9C7D5DCD0AB9}.Debug|Any CPU.ActiveCfg = Debug|Any CPU
		{C75249A7-2D10-4F9D-B446-9C7D5DCD0AB9}.Debug|Any CPU.Build.0 = Debug|Any CPU
		{C75249A7-2D10-4F9D-B446-9C7D5DCD0AB9}.Release|Any CPU.ActiveCfg = Release|Any CPU
		{C75249A7-2D10-4F9D-B446-9C7D5DCD0AB9}.Release|Any CPU.Build.0 = Release|Any CPU
		{3C0E3A5A-DC82-4047-AEAF-F0574C04E0BD}.Debug|Any CPU.ActiveCfg = Debug|Any CPU
		{3C0E3A5A-DC82-4047-AEAF-F0574C04E0BD}.Debug|Any CPU.Build.0 = Debug|Any CPU
		{3C0E3A5A-DC82-4047-AEAF-F0574C04E0BD}.Release|Any CPU.ActiveCfg = Release|Any CPU
		{3C0E3A5A-DC82-4047-AEAF-F0574C04E0BD}.Release|Any CPU.Build.0 = Release|Any CPU
		{2DBC294B-0D37-4CBE-855D-2738D1188C30}.Debug|Any CPU.ActiveCfg = Debug|Any CPU
		{2DBC294B-0D37-4CBE-855D-2738D1188C30}.Debug|Any CPU.Build.0 = Debug|Any CPU
		{2DBC294B-0D37-4CBE-855D-2738D1188C30}.Release|Any CPU.ActiveCfg = Release|Any CPU
		{2DBC294B-0D37-4CBE-855D-2738D1188C30}.Release|Any CPU.Build.0 = Release|Any CPU
		{9F7BCDC2-0025-4DB2-9B3B-6CB97BAF479A}.Debug|Any CPU.ActiveCfg = Debug|Any CPU
		{9F7BCDC2-0025-4DB2-9B3B-6CB97BAF479A}.Debug|Any CPU.Build.0 = Debug|Any CPU
		{9F7BCDC2-0025-4DB2-9B3B-6CB97BAF479A}.Release|Any CPU.ActiveCfg = Release|Any CPU
		{9F7BCDC2-0025-4DB2-9B3B-6CB97BAF479A}.Release|Any CPU.Build.0 = Release|Any CPU
		{E9BC2BE9-41D5-4053-B68F-9255861B69BC}.Debug|Any CPU.ActiveCfg = Debug|Any CPU
		{E9BC2BE9-41D5-4053-B68F-9255861B69BC}.Debug|Any CPU.Build.0 = Debug|Any CPU
		{E9BC2BE9-41D5-4053-B68F-9255861B69BC}.Release|Any CPU.ActiveCfg = Release|Any CPU
		{E9BC2BE9-41D5-4053-B68F-9255861B69BC}.Release|Any CPU.Build.0 = Release|Any CPU
		{35661AFC-32CD-4745-A931-D43F87EE67B6}.Debug|Any CPU.ActiveCfg = Debug|Any CPU
		{35661AFC-32CD-4745-A931-D43F87EE67B6}.Debug|Any CPU.Build.0 = Debug|Any CPU
		{35661AFC-32CD-4745-A931-D43F87EE67B6}.Release|Any CPU.ActiveCfg = Release|Any CPU
		{35661AFC-32CD-4745-A931-D43F87EE67B6}.Release|Any CPU.Build.0 = Release|Any CPU
	EndGlobalSection
	GlobalSection(SolutionProperties) = preSolution
		HideSolutionNode = FALSE
	EndGlobalSection
	GlobalSection(NestedProjects) = preSolution
		{3DF3AD98-733C-4AC9-A655-F2BD329D04EC} = {98A19DB3-ED3F-4327-8F46-CE7C7D71EC65}
		{8711AABA-5FB7-42C4-9267-D6CA56CD910E} = {98A19DB3-ED3F-4327-8F46-CE7C7D71EC65}
		{FE7F5BCF-3415-4C46-87B2-684B6BEC8480} = {98A19DB3-ED3F-4327-8F46-CE7C7D71EC65}
		{4EF08D42-88AF-45A7-A59A-60FFBECF3B80} = {98A19DB3-ED3F-4327-8F46-CE7C7D71EC65}
		{22E448BA-9289-45F4-B561-2DBDDFFC3FFD} = {98A19DB3-ED3F-4327-8F46-CE7C7D71EC65}
		{D4BE88A8-31F8-4C67-8F32-3398DEEA8362} = {3DF3AD98-733C-4AC9-A655-F2BD329D04EC}
		{8681BC06-15E2-4513-8E63-92D9678CCB68} = {8711AABA-5FB7-42C4-9267-D6CA56CD910E}
		{380C49BA-5081-41AE-85D6-816E02346D11} = {FE7F5BCF-3415-4C46-87B2-684B6BEC8480}
		{32171BEB-DAAC-41DB-A62F-93A25A504DCB} = {4EF08D42-88AF-45A7-A59A-60FFBECF3B80}
		{C75249A7-2D10-4F9D-B446-9C7D5DCD0AB9} = {22E448BA-9289-45F4-B561-2DBDDFFC3FFD}
		{3C0E3A5A-DC82-4047-AEAF-F0574C04E0BD} = {22E448BA-9289-45F4-B561-2DBDDFFC3FFD}
		{2DBC294B-0D37-4CBE-855D-2738D1188C30} = {4EF08D42-88AF-45A7-A59A-60FFBECF3B80}
		{9F7BCDC2-0025-4DB2-9B3B-6CB97BAF479A} = {FE7F5BCF-3415-4C46-87B2-684B6BEC8480}
		{E9BC2BE9-41D5-4053-B68F-9255861B69BC} = {8711AABA-5FB7-42C4-9267-D6CA56CD910E}
		{35661AFC-32CD-4745-A931-D43F87EE67B6} = {3DF3AD98-733C-4AC9-A655-F2BD329D04EC}
	EndGlobalSection
	GlobalSection(ExtensibilityGlobals) = postSolution
		SolutionGuid = {B04FE49F-0045-4944-A589-88C8A33F7594}
	EndGlobalSection
EndGlobal
